
Microsoft Visual Studio Solution File, Format Version 12.00
# Visual Studio Version 16
VisualStudioVersion = 16.0.30717.126
MinimumVisualStudioVersion = 10.0.40219.1
Project("{9A19103F-16F7-4668-BE54-9A1E7A4F7556}") = "WebDiabloMvc", "WebDiabloMvc.csproj", "{E13AD209-B23D-4273-8487-63E7B9EFB392}"
EndProject
Global
	GlobalSection(SolutionConfigurationPlatforms) = preSolution
		Debug|Any CPU = Debug|Any CPU
		Release|Any CPU = Release|Any CPU
	EndGlobalSection
	GlobalSection(ProjectConfigurationPlatforms) = postSolution
		{E13AD209-B23D-4273-8487-63E7B9EFB392}.Debug|Any CPU.ActiveCfg = Debug|Any CPU
		{E13AD209-B23D-4273-8487-63E7B9EFB392}.Debug|Any CPU.Build.0 = Debug|Any CPU
		{E13AD209-B23D-4273-8487-63E7B9EFB392}.Release|Any CPU.ActiveCfg = Release|Any CPU
		{E13AD209-B23D-4273-8487-63E7B9EFB392}.Release|Any CPU.Build.0 = Release|Any CPU
	EndGlobalSection
	GlobalSection(SolutionProperties) = preSolution
		HideSolutionNode = FALSE
	EndGlobalSection
	GlobalSection(ExtensibilityGlobals) = postSolution
		SolutionGuid = {A38E2878-E61B-4126-9755-940CA4F88CFA}
	EndGlobalSection
EndGlobal
